
Microsoft Visual Studio Solution File, Format Version 12.00
# Visual Studio Version 17
VisualStudioVersion = 17.0.31903.59
MinimumVisualStudioVersion = 10.0.40219.1
Project("{FAE04EC0-301F-11D3-BF4B-00C04F79EFBC}") = "Domain", "Domain\Domain.csproj", "{D7DE357A-7DE1-463A-B835-2BE277C80E3C}"
EndProject
Project("{FAE04EC0-301F-11D3-BF4B-00C04F79EFBC}") = "Application", "Application\Application.csproj", "{3BC4DEFF-A3E6-4ED1-943F-59210C1E2D8E}"
EndProject
Project("{FAE04EC0-301F-11D3-BF4B-00C04F79EFBC}") = "Infrastructure", "Infrastructure\Infrastructure.csproj", "{B1DB4BCA-D2B1-458C-945E-F593BF0E657E}"
EndProject
Project("{FAE04EC0-301F-11D3-BF4B-00C04F79EFBC}") = "WebApi", "WebApi\WebApi.csproj", "{77C596C6-8C49-46EE-BC90-E61422484FC4}"
EndProject
Global
	GlobalSection(SolutionConfigurationPlatforms) = preSolution
		Debug|Any CPU = Debug|Any CPU
		Debug|x64 = Debug|x64
		Debug|x86 = Debug|x86
		Release|Any CPU = Release|Any CPU
		Release|x64 = Release|x64
		Release|x86 = Release|x86
	EndGlobalSection
	GlobalSection(ProjectConfigurationPlatforms) = postSolution
		{D7DE357A-7DE1-463A-B835-2BE277C80E3C}.Debug|Any CPU.ActiveCfg = Debug|Any CPU
		{D7DE357A-7DE1-463A-B835-2BE277C80E3C}.Debug|Any CPU.Build.0 = Debug|Any CPU
		{D7DE357A-7DE1-463A-B835-2BE277C80E3C}.Debug|x64.ActiveCfg = Debug|Any CPU
		{D7DE357A-7DE1-463A-B835-2BE277C80E3C}.Debug|x64.Build.0 = Debug|Any CPU
		{D7DE357A-7DE1-463A-B835-2BE277C80E3C}.Debug|x86.ActiveCfg = Debug|Any CPU
		{D7DE357A-7DE1-463A-B835-2BE277C80E3C}.Debug|x86.Build.0 = Debug|Any CPU
		{D7DE357A-7DE1-463A-B835-2BE277C80E3C}.Release|Any CPU.ActiveCfg = Release|Any CPU
		{D7DE357A-7DE1-463A-B835-2BE277C80E3C}.Release|Any CPU.Build.0 = Release|Any CPU
		{D7DE357A-7DE1-463A-B835-2BE277C80E3C}.Release|x64.ActiveCfg = Release|Any CPU
		{D7DE357A-7DE1-463A-B835-2BE277C80E3C}.Release|x64.Build.0 = Release|Any CPU
		{D7DE357A-7DE1-463A-B835-2BE277C80E3C}.Release|x86.ActiveCfg = Release|Any CPU
		{D7DE357A-7DE1-463A-B835-2BE277C80E3C}.Release|x86.Build.0 = Release|Any CPU
		{3BC4DEFF-A3E6-4ED1-943F-59210C1E2D8E}.Debug|Any CPU.ActiveCfg = Debug|Any CPU
		{3BC4DEFF-A3E6-4ED1-943F-59210C1E2D8E}.Debug|Any CPU.Build.0 = Debug|Any CPU
		{3BC4DEFF-A3E6-4ED1-943F-59210C1E2D8E}.Debug|x64.ActiveCfg = Debug|Any CPU
		{3BC4DEFF-A3E6-4ED1-943F-59210C1E2D8E}.Debug|x64.Build.0 = Debug|Any CPU
		{3BC4DEFF-A3E6-4ED1-943F-59210C1E2D8E}.Debug|x86.ActiveCfg = Debug|Any CPU
		{3BC4DEFF-A3E6-4ED1-943F-59210C1E2D8E}.Debug|x86.Build.0 = Debug|Any CPU
		{3BC4DEFF-A3E6-4ED1-943F-59210C1E2D8E}.Release|Any CPU.ActiveCfg = Release|Any CPU
		{3BC4DEFF-A3E6-4ED1-943F-59210C1E2D8E}.Release|Any CPU.Build.0 = Release|Any CPU
		{3BC4DEFF-A3E6-4ED1-943F-59210C1E2D8E}.Release|x64.ActiveCfg = Release|Any CPU
		{3BC4DEFF-A3E6-4ED1-943F-59210C1E2D8E}.Release|x64.Build.0 = Release|Any CPU
		{3BC4DEFF-A3E6-4ED1-943F-59210C1E2D8E}.Release|x86.ActiveCfg = Release|Any CPU
		{3BC4DEFF-A3E6-4ED1-943F-59210C1E2D8E}.Release|x86.Build.0 = Release|Any CPU
		{B1DB4BCA-D2B1-458C-945E-F593BF0E657E}.Debug|Any CPU.ActiveCfg = Debug|Any CPU
		{B1DB4BCA-D2B1-458C-945E-F593BF0E657E}.Debug|Any CPU.Build.0 = Debug|Any CPU
		{B1DB4BCA-D2B1-458C-945E-F593BF0E657E}.Debug|x64.ActiveCfg = Debug|Any CPU
		{B1DB4BCA-D2B1-458C-945E-F593BF0E657E}.Debug|x64.Build.0 = Debug|Any CPU
		{B1DB4BCA-D2B1-458C-945E-F593BF0E657E}.Debug|x86.ActiveCfg = Debug|Any CPU
		{B1DB4BCA-D2B1-458C-945E-F593BF0E657E}.Debug|x86.Build.0 = Debug|Any CPU
		{B1DB4BCA-D2B1-458C-945E-F593BF0E657E}.Release|Any CPU.ActiveCfg = Release|Any CPU
		{B1DB4BCA-D2B1-458C-945E-F593BF0E657E}.Release|Any CPU.Build.0 = Release|Any CPU
		{B1DB4BCA-D2B1-458C-945E-F593BF0E657E}.Release|x64.ActiveCfg = Release|Any CPU
		{B1DB4BCA-D2B1-458C-945E-F593BF0E657E}.Release|x64.Build.0 = Release|Any CPU
		{B1DB4BCA-D2B1-458C-945E-F593BF0E657E}.Release|x86.ActiveCfg = Release|Any CPU
		{B1DB4BCA-D2B1-458C-945E-F593BF0E657E}.Release|x86.Build.0 = Release|Any CPU
		{77C596C6-8C49-46EE-BC90-E61422484FC4}.Debug|Any CPU.ActiveCfg = Debug|Any CPU
		{77C596C6-8C49-46EE-BC90-E61422484FC4}.Debug|Any CPU.Build.0 = Debug|Any CPU
		{77C596C6-8C49-46EE-BC90-E61422484FC4}.Debug|x64.ActiveCfg = Debug|Any CPU
		{77C596C6-8C49-46EE-BC90-E61422484FC4}.Debug|x64.Build.0 = Debug|Any CPU
		{77C596C6-8C49-46EE-BC90-E61422484FC4}.Debug|x86.ActiveCfg = Debug|Any CPU
		{77C596C6-8C49-46EE-BC90-E61422484FC4}.Debug|x86.Build.0 = Debug|Any CPU
		{77C596C6-8C49-46EE-BC90-E61422484FC4}.Release|Any CPU.ActiveCfg = Release|Any CPU
		{77C596C6-8C49-46EE-BC90-E61422484FC4}.Release|Any CPU.Build.0 = Release|Any CPU
		{77C596C6-8C49-46EE-BC90-E61422484FC4}.Release|x64.ActiveCfg = Release|Any CPU
		{77C596C6-8C49-46EE-BC90-E61422484FC4}.Release|x64.Build.0 = Release|Any CPU
		{77C596C6-8C49-46EE-BC90-E61422484FC4}.Release|x86.ActiveCfg = Release|Any CPU
		{77C596C6-8C49-46EE-BC90-E61422484FC4}.Release|x86.Build.0 = Release|Any CPU
	EndGlobalSection
	GlobalSection(SolutionProperties) = preSolution
		HideSolutionNode = FALSE
	EndGlobalSection
EndGlobal
